
Microsoft Visual Studio Solution File, Format Version 12.00
Project("{2150E333-8FDC-42A3-9474-1A3956D46DE8}") = "src", "src", "{FF80BABF-0E78-4D30-A785-00C763F6AB5E}"
EndProject
Project("{FAE04EC0-301F-11D3-BF4B-00C04F79EFBC}") = "Web", "Web\Web.csproj", "{26AC947A-8A33-4C0C-810A-04981C1DC539}"
EndProject
Project("{2150E333-8FDC-42A3-9474-1A3956D46DE8}") = "SolutionItems", "SolutionItems", "{31CF827E-C2B0-40EF-974D-CDFC077B8784}"
	ProjectSection(SolutionItems) = preProject
		Directory.Build.props = Directory.Build.props
		.editorconfig = .editorconfig
	EndProjectSection
EndProject
Project("{2150E333-8FDC-42A3-9474-1A3956D46DE8}") = "Questions", "Questions", "{4347967E-9597-469B-A0CA-9536EDF087AC}"
EndProject
Project("{2150E333-8FDC-42A3-9474-1A3956D46DE8}") = "Tags", "Tags", "{4F138E34-0EB9-4DED-88C7-D2546A4CC4E4}"
EndProject
Project("{FAE04EC0-301F-11D3-BF4B-00C04F79EFBC}") = "Questions.Domain", "src\Questions\Questions.Domain\Questions.Domain.csproj", "{B7182747-4A4F-4FDA-9556-86D681C54CFC}"
EndProject
Project("{FAE04EC0-301F-11D3-BF4B-00C04F79EFBC}") = "Questions.Application", "src\Questions\Questions.Application\Questions.Application.csproj", "{B39E38C1-4F96-4F2D-9605-B2794E46DD38}"
EndProject
Project("{FAE04EC0-301F-11D3-BF4B-00C04F79EFBC}") = "Questions.Presenters", "src\Questions\Questions.Presenters\Questions.Presenters.csproj", "{BD1BDAB8-8100-4F9E-AB7E-A1F9BA77EE5F}"
EndProject
Project("{FAE04EC0-301F-11D3-BF4B-00C04F79EFBC}") = "Questions.Infrastructure.PostgreSQL", "src\Questions\Questions.Infrastructure.PostgreSQL\Questions.Infrastructure.PostgreSQL.csproj", "{C4ECB07F-4A99-473C-A7D4-0E880A8590C3}"
EndProject
Project("{FAE04EC0-301F-11D3-BF4B-00C04F79EFBC}") = "Questions.Contracts", "src\Questions\Questions.Contracts\Questions.Contracts.csproj", "{5BAAA732-3307-4F48-83B4-657429542AC7}"
EndProject
Project("{2150E333-8FDC-42A3-9474-1A3956D46DE8}") = "Comments", "Comments", "{6ED76231-81C4-4C39-BDFA-5269BD61BE6B}"
	ProjectSection(SolutionItems) = preProject
		Comment.cs = Comment.cs
	EndProjectSection
EndProject
Project("{2150E333-8FDC-42A3-9474-1A3956D46DE8}") = "Reports", "Reports", "{C9C98846-EC0E-4FFA-90A3-DF1CC188E628}"
	ProjectSection(SolutionItems) = preProject
		Report.cs = Report.cs
		ReportStatus.cs = ReportStatus.cs
	EndProjectSection
EndProject
Project("{2150E333-8FDC-42A3-9474-1A3956D46DE8}") = "Core", "Core", "{08D31D8F-F8C5-4EDA-AE77-F4F508B90E8F}"
EndProject
Project("{FAE04EC0-301F-11D3-BF4B-00C04F79EFBC}") = "Shared", "src\Questions\Shared\Shared.csproj", "{BCAA5947-7D49-446B-9EE2-2654888080A2}"
EndProject
Project("{FAE04EC0-301F-11D3-BF4B-00C04F79EFBC}") = "Tags", "src\Tags\Tags\Tags.csproj", "{20E624E5-8CF6-4838-82D3-02806790DE1C}"
EndProject
Project("{FAE04EC0-301F-11D3-BF4B-00C04F79EFBC}") = "Tags.Contracts", "src\Tags\Tags.Contracts\Tags.Contracts.csproj", "{EBA3F33E-B4BA-41A3-AE1A-AD2A1928AA08}"
EndProject
Project("{FAE04EC0-301F-11D3-BF4B-00C04F79EFBC}") = "Tags.Presenters", "src\Tags\Tags.Presenters\Tags.Presenters.csproj", "{844DA7E0-6665-4F0F-9286-8F933C79EFCF}"
EndProject
Project("{FAE04EC0-301F-11D3-BF4B-00C04F79EFBC}") = "Framework", "src\Core\Framework\Framework.csproj", "{04F83F50-512F-4F2F-BF45-C30BB0444EA2}"
EndProject
Project("{2150E333-8FDC-42A3-9474-1A3956D46DE8}") = "Infrastructure", "Infrastructure", "{B9434316-91BE-4700-8CA5-87C8D38C007C}"
EndProject
Global
	GlobalSection(SolutionConfigurationPlatforms) = preSolution
		Debug|Any CPU = Debug|Any CPU
		Release|Any CPU = Release|Any CPU
	EndGlobalSection
	GlobalSection(ProjectConfigurationPlatforms) = postSolution
		{26AC947A-8A33-4C0C-810A-04981C1DC539}.Debug|Any CPU.ActiveCfg = Debug|Any CPU
		{26AC947A-8A33-4C0C-810A-04981C1DC539}.Debug|Any CPU.Build.0 = Debug|Any CPU
		{26AC947A-8A33-4C0C-810A-04981C1DC539}.Release|Any CPU.ActiveCfg = Release|Any CPU
		{26AC947A-8A33-4C0C-810A-04981C1DC539}.Release|Any CPU.Build.0 = Release|Any CPU
		{B7182747-4A4F-4FDA-9556-86D681C54CFC}.Debug|Any CPU.ActiveCfg = Debug|Any CPU
		{B7182747-4A4F-4FDA-9556-86D681C54CFC}.Debug|Any CPU.Build.0 = Debug|Any CPU
		{B7182747-4A4F-4FDA-9556-86D681C54CFC}.Release|Any CPU.ActiveCfg = Release|Any CPU
		{B7182747-4A4F-4FDA-9556-86D681C54CFC}.Release|Any CPU.Build.0 = Release|Any CPU
		{B39E38C1-4F96-4F2D-9605-B2794E46DD38}.Debug|Any CPU.ActiveCfg = Debug|Any CPU
		{B39E38C1-4F96-4F2D-9605-B2794E46DD38}.Debug|Any CPU.Build.0 = Debug|Any CPU
		{B39E38C1-4F96-4F2D-9605-B2794E46DD38}.Release|Any CPU.ActiveCfg = Release|Any CPU
		{B39E38C1-4F96-4F2D-9605-B2794E46DD38}.Release|Any CPU.Build.0 = Release|Any CPU
		{BD1BDAB8-8100-4F9E-AB7E-A1F9BA77EE5F}.Debug|Any CPU.ActiveCfg = Debug|Any CPU
		{BD1BDAB8-8100-4F9E-AB7E-A1F9BA77EE5F}.Debug|Any CPU.Build.0 = Debug|Any CPU
		{BD1BDAB8-8100-4F9E-AB7E-A1F9BA77EE5F}.Release|Any CPU.ActiveCfg = Release|Any CPU
		{BD1BDAB8-8100-4F9E-AB7E-A1F9BA77EE5F}.Release|Any CPU.Build.0 = Release|Any CPU
		{C4ECB07F-4A99-473C-A7D4-0E880A8590C3}.Debug|Any CPU.ActiveCfg = Debug|Any CPU
		{C4ECB07F-4A99-473C-A7D4-0E880A8590C3}.Debug|Any CPU.Build.0 = Debug|Any CPU
		{C4ECB07F-4A99-473C-A7D4-0E880A8590C3}.Release|Any CPU.ActiveCfg = Release|Any CPU
		{C4ECB07F-4A99-473C-A7D4-0E880A8590C3}.Release|Any CPU.Build.0 = Release|Any CPU
		{5BAAA732-3307-4F48-83B4-657429542AC7}.Debug|Any CPU.ActiveCfg = Debug|Any CPU
		{5BAAA732-3307-4F48-83B4-657429542AC7}.Debug|Any CPU.Build.0 = Debug|Any CPU
		{5BAAA732-3307-4F48-83B4-657429542AC7}.Release|Any CPU.ActiveCfg = Release|Any CPU
		{5BAAA732-3307-4F48-83B4-657429542AC7}.Release|Any CPU.Build.0 = Release|Any CPU
		{BCAA5947-7D49-446B-9EE2-2654888080A2}.Debug|Any CPU.ActiveCfg = Debug|Any CPU
		{BCAA5947-7D49-446B-9EE2-2654888080A2}.Debug|Any CPU.Build.0 = Debug|Any CPU
		{BCAA5947-7D49-446B-9EE2-2654888080A2}.Release|Any CPU.ActiveCfg = Release|Any CPU
		{BCAA5947-7D49-446B-9EE2-2654888080A2}.Release|Any CPU.Build.0 = Release|Any CPU
		{20E624E5-8CF6-4838-82D3-02806790DE1C}.Debug|Any CPU.ActiveCfg = Debug|Any CPU
		{20E624E5-8CF6-4838-82D3-02806790DE1C}.Debug|Any CPU.Build.0 = Debug|Any CPU
		{20E624E5-8CF6-4838-82D3-02806790DE1C}.Release|Any CPU.ActiveCfg = Release|Any CPU
		{20E624E5-8CF6-4838-82D3-02806790DE1C}.Release|Any CPU.Build.0 = Release|Any CPU
		{EBA3F33E-B4BA-41A3-AE1A-AD2A1928AA08}.Debug|Any CPU.ActiveCfg = Debug|Any CPU
		{EBA3F33E-B4BA-41A3-AE1A-AD2A1928AA08}.Debug|Any CPU.Build.0 = Debug|Any CPU
		{EBA3F33E-B4BA-41A3-AE1A-AD2A1928AA08}.Release|Any CPU.ActiveCfg = Release|Any CPU
		{EBA3F33E-B4BA-41A3-AE1A-AD2A1928AA08}.Release|Any CPU.Build.0 = Release|Any CPU
		{844DA7E0-6665-4F0F-9286-8F933C79EFCF}.Debug|Any CPU.ActiveCfg = Debug|Any CPU
		{844DA7E0-6665-4F0F-9286-8F933C79EFCF}.Debug|Any CPU.Build.0 = Debug|Any CPU
		{844DA7E0-6665-4F0F-9286-8F933C79EFCF}.Release|Any CPU.ActiveCfg = Release|Any CPU
		{844DA7E0-6665-4F0F-9286-8F933C79EFCF}.Release|Any CPU.Build.0 = Release|Any CPU
		{04F83F50-512F-4F2F-BF45-C30BB0444EA2}.Debug|Any CPU.ActiveCfg = Debug|Any CPU
		{04F83F50-512F-4F2F-BF45-C30BB0444EA2}.Debug|Any CPU.Build.0 = Debug|Any CPU
		{04F83F50-512F-4F2F-BF45-C30BB0444EA2}.Release|Any CPU.ActiveCfg = Release|Any CPU
		{04F83F50-512F-4F2F-BF45-C30BB0444EA2}.Release|Any CPU.Build.0 = Release|Any CPU
	EndGlobalSection
	GlobalSection(NestedProjects) = preSolution
		{26AC947A-8A33-4C0C-810A-04981C1DC539} = {FF80BABF-0E78-4D30-A785-00C763F6AB5E}
		{4347967E-9597-469B-A0CA-9536EDF087AC} = {FF80BABF-0E78-4D30-A785-00C763F6AB5E}
		{4F138E34-0EB9-4DED-88C7-D2546A4CC4E4} = {FF80BABF-0E78-4D30-A785-00C763F6AB5E}
		{B7182747-4A4F-4FDA-9556-86D681C54CFC} = {4347967E-9597-469B-A0CA-9536EDF087AC}
		{B39E38C1-4F96-4F2D-9605-B2794E46DD38} = {4347967E-9597-469B-A0CA-9536EDF087AC}
		{BD1BDAB8-8100-4F9E-AB7E-A1F9BA77EE5F} = {4347967E-9597-469B-A0CA-9536EDF087AC}
		{C4ECB07F-4A99-473C-A7D4-0E880A8590C3} = {4347967E-9597-469B-A0CA-9536EDF087AC}
		{5BAAA732-3307-4F48-83B4-657429542AC7} = {4347967E-9597-469B-A0CA-9536EDF087AC}
		{6ED76231-81C4-4C39-BDFA-5269BD61BE6B} = {FF80BABF-0E78-4D30-A785-00C763F6AB5E}
		{C9C98846-EC0E-4FFA-90A3-DF1CC188E628} = {FF80BABF-0E78-4D30-A785-00C763F6AB5E}
		{08D31D8F-F8C5-4EDA-AE77-F4F508B90E8F} = {FF80BABF-0E78-4D30-A785-00C763F6AB5E}
		{BCAA5947-7D49-446B-9EE2-2654888080A2} = {08D31D8F-F8C5-4EDA-AE77-F4F508B90E8F}
		{20E624E5-8CF6-4838-82D3-02806790DE1C} = {4F138E34-0EB9-4DED-88C7-D2546A4CC4E4}
		{EBA3F33E-B4BA-41A3-AE1A-AD2A1928AA08} = {4F138E34-0EB9-4DED-88C7-D2546A4CC4E4}
		{844DA7E0-6665-4F0F-9286-8F933C79EFCF} = {4F138E34-0EB9-4DED-88C7-D2546A4CC4E4}
		{04F83F50-512F-4F2F-BF45-C30BB0444EA2} = {08D31D8F-F8C5-4EDA-AE77-F4F508B90E8F}
		{B9434316-91BE-4700-8CA5-87C8D38C007C} = {08D31D8F-F8C5-4EDA-AE77-F4F508B90E8F}
	EndGlobalSection
EndGlobal
